# This file is automatically @generated by Cargo.
# It is not intended for manual editing.
version = 3

[[package]]
name = "magic-demo"
version = "0.1.0"
dependencies = [
 "types",
]

[[package]]
name = "magic-gen"
version = "0.1.0"
dependencies = [
 "types",
]

[[package]]
name = "types"
version = "0.1.0"
